
Microsoft Visual Studio Solution File, Format Version 12.00
# Visual Studio Version 16
VisualStudioVersion = 16.0.30804.86
MinimumVisualStudioVersion = 10.0.40219.1
Project("{FAE04EC0-301F-11D3-BF4B-00C04F79EFBC}") = "ClothShop", "ClothShop.csproj", "{FFA1D4AB-5A6F-40CF-A12E-3F06A69FFC50}"
EndProject
Global
	GlobalSection(SolutionConfigurationPlatforms) = preSolution
		Debug|Any CPU = Debug|Any CPU
		Release|Any CPU = Release|Any CPU
	EndGlobalSection
	GlobalSection(ProjectConfigurationPlatforms) = postSolution
		{FFA1D4AB-5A6F-40CF-A12E-3F06A69FFC50}.Debug|Any CPU.ActiveCfg = Debug|Any CPU
		{FFA1D4AB-5A6F-40CF-A12E-3F06A69FFC50}.Debug|Any CPU.Build.0 = Debug|Any CPU
		{FFA1D4AB-5A6F-40CF-A12E-3F06A69FFC50}.Release|Any CPU.ActiveCfg = Release|Any CPU
		{FFA1D4AB-5A6F-40CF-A12E-3F06A69FFC50}.Release|Any CPU.Build.0 = Release|Any CPU
	EndGlobalSection
	GlobalSection(SolutionProperties) = preSolution
		HideSolutionNode = FALSE
	EndGlobalSection
	GlobalSection(ExtensibilityGlobals) = postSolution
		SolutionGuid = {5376302A-3C7D-476C-BC2C-A7C456F1D687}
	EndGlobalSection
EndGlobal
